// !$*UTF8*$!
{
	archiveVersion = 1;
	classes = {
	};
	objectVersion = 46;
	objects = {

/* Begin PBXBuildFile section */
		2D09686E1E8A0A9E00EC315D /* YacheerMp3PlayerVc.m in Sources */ = {isa = PBXBuildFile; fileRef = 2D09686D1E8A0A9E00EC315D /* YacheerMp3PlayerVc.m */; };
		2D0968711E8A0AB400EC315D /* YacheerPlayerVc.m in Sources */ = {isa = PBXBuildFile; fileRef = 2D0968701E8A0AB400EC315D /* YacheerPlayerVc.m */; };
		2D0968741E8A0D3B00EC315D /* UIViewController+SetNavigationBar.m in Sources */ = {isa = PBXBuildFile; fileRef = 2D0968731E8A0D3B00EC315D /* UIViewController+SetNavigationBar.m */; };
		2D0968771E8A0D6000EC315D /* UIBarButtonItem+BarButtonCustom.m in Sources */ = {isa = PBXBuildFile; fileRef = 2D0968761E8A0D6000EC315D /* UIBarButtonItem+BarButtonCustom.m */; };
		2D09687B1E8A0FE700EC315D /* CustomNavigationVc.m in Sources */ = {isa = PBXBuildFile; fileRef = 2D09687A1E8A0FE700EC315D /* CustomNavigationVc.m */; };
		2D9C4C1B1E8970F400BA1AA8 /* main.m in Sources */ = {isa = PBXBuildFile; fileRef = 2D9C4C1A1E8970F400BA1AA8 /* main.m */; };
		2D9C4C3C1E89714900BA1AA8 /* AppDelegate.m in Sources */ = {isa = PBXBuildFile; fileRef = 2D9C4C321E89714900BA1AA8 /* AppDelegate.m */; };
		2D9C4C3D1E89714900BA1AA8 /* Assets.xcassets in Resources */ = {isa = PBXBuildFile; fileRef = 2D9C4C331E89714900BA1AA8 /* Assets.xcassets */; };
		2D9C4C3E1E89714900BA1AA8 /* LaunchScreen.storyboard in Resources */ = {isa = PBXBuildFile; fileRef = 2D9C4C341E89714900BA1AA8 /* LaunchScreen.storyboard */; };
		2D9C4C3F1E89714900BA1AA8 /* Main.storyboard in Resources */ = {isa = PBXBuildFile; fileRef = 2D9C4C361E89714900BA1AA8 /* Main.storyboard */; };
		2D9C4C401E89714900BA1AA8 /* ViewController.m in Sources */ = {isa = PBXBuildFile; fileRef = 2D9C4C391E89714900BA1AA8 /* ViewController.m */; };
		2D9C4C4C1E8974A400BA1AA8 /* YacheerPlayer.m in Sources */ = {isa = PBXBuildFile; fileRef = 2D9C4C4B1E8974A400BA1AA8 /* YacheerPlayer.m */; };
		2D9C4C4E1E8974B900BA1AA8 /* YacheerPlayer.xib in Resources */ = {isa = PBXBuildFile; fileRef = 2D9C4C4D1E8974B900BA1AA8 /* YacheerPlayer.xib */; };
		2D9C4C511E89753E00BA1AA8 /* YacheerMp3Player.m in Sources */ = {isa = PBXBuildFile; fileRef = 2D9C4C501E89753E00BA1AA8 /* YacheerMp3Player.m */; };
		2D9C4C531E89759500BA1AA8 /* YacheerMp3Player.xib in Resources */ = {isa = PBXBuildFile; fileRef = 2D9C4C521E89759500BA1AA8 /* YacheerMp3Player.xib */; };
/* End PBXBuildFile section */

/* Begin PBXFileReference section */
		2D09686C1E8A0A9E00EC315D /* YacheerMp3PlayerVc.h */ = {isa = PBXFileReference; fileEncoding = 4; lastKnownFileType = sourcecode.c.h; path = YacheerMp3PlayerVc.h; sourceTree = "<group>"; };
		2D09686D1E8A0A9E00EC315D /* YacheerMp3PlayerVc.m */ = {isa = PBXFileReference; fileEncoding = 4; lastKnownFileType = sourcecode.c.objc; path = YacheerMp3PlayerVc.m; sourceTree = "<group>"; };
		2D09686F1E8A0AB400EC315D /* YacheerPlayerVc.h */ = {isa = PBXFileReference; fileEncoding = 4; lastKnownFileType = sourcecode.c.h; path = YacheerPlayerVc.h; sourceTree = "<group>"; };
		2D0968701E8A0AB400EC315D /* YacheerPlayerVc.m */ = {isa = PBXFileReference; fileEncoding = 4; lastKnownFileType = sourcecode.c.objc; path = YacheerPlayerVc.m; sourceTree = "<group>"; };
		2D0968721E8A0D3B00EC315D /* UIViewController+SetNavigationBar.h */ = {isa = PBXFileReference; fileEncoding = 4; lastKnownFileType = sourcecode.c.h; path = "UIViewController+SetNavigationBar.h"; sourceTree = "<group>"; };
		2D0968731E8A0D3B00EC315D /* UIViewController+SetNavigationBar.m */ = {isa = PBXFileReference; fileEncoding = 4; lastKnownFileType = sourcecode.c.objc; path = "UIViewController+SetNavigationBar.m"; sourceTree = "<group>"; };
		2D0968751E8A0D6000EC315D /* UIBarButtonItem+BarButtonCustom.h */ = {isa = PBXFileReference; fileEncoding = 4; lastKnownFileType = sourcecode.c.h; path = "UIBarButtonItem+BarButtonCustom.h"; sourceTree = "<group>"; };
		2D0968761E8A0D6000EC315D /* UIBarButtonItem+BarButtonCustom.m */ = {isa = PBXFileReference; fileEncoding = 4; lastKnownFileType = sourcecode.c.objc; path = "UIBarButtonItem+BarButtonCustom.m"; sourceTree = "<group>"; };
		2D0968791E8A0FE700EC315D /* CustomNavigationVc.h */ = {isa = PBXFileReference; fileEncoding = 4; lastKnownFileType = sourcecode.c.h; path = CustomNavigationVc.h; sourceTree = "<group>"; };
		2D09687A1E8A0FE700EC315D /* CustomNavigationVc.m */ = {isa = PBXFileReference; fileEncoding = 4; lastKnownFileType = sourcecode.c.objc; path = CustomNavigationVc.m; sourceTree = "<group>"; };
		2D9C4C161E8970F400BA1AA8 /* YacheerAVPlayer.app */ = {isa = PBXFileReference; explicitFileType = wrapper.application; includeInIndex = 0; path = YacheerAVPlayer.app; sourceTree = BUILT_PRODUCTS_DIR; };
		2D9C4C1A1E8970F400BA1AA8 /* main.m */ = {isa = PBXFileReference; lastKnownFileType = sourcecode.c.objc; path = main.m; sourceTree = "<group>"; };
		2D9C4C2A1E8970F400BA1AA8 /* Info.plist */ = {isa = PBXFileReference; lastKnownFileType = text.plist.xml; path = Info.plist; sourceTree = "<group>"; };
		2D9C4C311E89714900BA1AA8 /* AppDelegate.h */ = {isa = PBXFileReference; fileEncoding = 4; lastKnownFileType = sourcecode.c.h; path = AppDelegate.h; sourceTree = "<group>"; };
		2D9C4C321E89714900BA1AA8 /* AppDelegate.m */ = {isa = PBXFileReference; fileEncoding = 4; lastKnownFileType = sourcecode.c.objc; path = AppDelegate.m; sourceTree = "<group>"; };
		2D9C4C331E89714900BA1AA8 /* Assets.xcassets */ = {isa = PBXFileReference; lastKnownFileType = folder.assetcatalog; path = Assets.xcassets; sourceTree = "<group>"; };
		2D9C4C351E89714900BA1AA8 /* Base */ = {isa = PBXFileReference; lastKnownFileType = file.storyboard; name = Base; path = Base.lproj/LaunchScreen.storyboard; sourceTree = "<group>"; };
		2D9C4C371E89714900BA1AA8 /* Base */ = {isa = PBXFileReference; lastKnownFileType = file.storyboard; name = Base; path = Base.lproj/Main.storyboard; sourceTree = "<group>"; };
		2D9C4C381E89714900BA1AA8 /* ViewController.h */ = {isa = PBXFileReference; fileEncoding = 4; lastKnownFileType = sourcecode.c.h; path = ViewController.h; sourceTree = "<group>"; };
		2D9C4C391E89714900BA1AA8 /* ViewController.m */ = {isa = PBXFileReference; fileEncoding = 4; lastKnownFileType = sourcecode.c.objc; path = ViewController.m; sourceTree = "<group>"; };
		2D9C4C4A1E8974A400BA1AA8 /* YacheerPlayer.h */ = {isa = PBXFileReference; fileEncoding = 4; lastKnownFileType = sourcecode.c.h; path = YacheerPlayer.h; sourceTree = "<group>"; };
		2D9C4C4B1E8974A400BA1AA8 /* YacheerPlayer.m */ = {isa = PBXFileReference; fileEncoding = 4; lastKnownFileType = sourcecode.c.objc; path = YacheerPlayer.m; sourceTree = "<group>"; };
		2D9C4C4D1E8974B900BA1AA8 /* YacheerPlayer.xib */ = {isa = PBXFileReference; fileEncoding = 4; lastKnownFileType = file.xib; path = YacheerPlayer.xib; sourceTree = "<group>"; };
		2D9C4C4F1E89753E00BA1AA8 /* YacheerMp3Player.h */ = {isa = PBXFileReference; fileEncoding = 4; lastKnownFileType = sourcecode.c.h; path = YacheerMp3Player.h; sourceTree = "<group>"; };
		2D9C4C501E89753E00BA1AA8 /* YacheerMp3Player.m */ = {isa = PBXFileReference; fileEncoding = 4; lastKnownFileType = sourcecode.c.objc; path = YacheerMp3Player.m; sourceTree = "<group>"; };
		2D9C4C521E89759500BA1AA8 /* YacheerMp3Player.xib */ = {isa = PBXFileReference; fileEncoding = 4; lastKnownFileType = file.xib; path = YacheerMp3Player.xib; sourceTree = "<group>"; };
		2D9C4C541E8975C700BA1AA8 /* Config.h */ = {isa = PBXFileReference; lastKnownFileType = sourcecode.c.h; path = Config.h; sourceTree = "<group>"; };
		2D9C4CEC1E89762A00BA1AA8 /* PrefixHeader.pch */ = {isa = PBXFileReference; lastKnownFileType = sourcecode.c.h; path = PrefixHeader.pch; sourceTree = "<group>"; };
/* End PBXFileReference section */

/* Begin PBXFrameworksBuildPhase section */
		2D9C4C131E8970F400BA1AA8 /* Frameworks */ = {
			isa = PBXFrameworksBuildPhase;
			buildActionMask = 2147483647;
			files = (
			);
			runOnlyForDeploymentPostprocessing = 0;
		};
/* End PBXFrameworksBuildPhase section */

/* Begin PBXGroup section */
		2D0968781E8A0FC000EC315D /* Main */ = {
			isa = PBXGroup;
			children = (
				2D0968791E8A0FE700EC315D /* CustomNavigationVc.h */,
				2D09687A1E8A0FE700EC315D /* CustomNavigationVc.m */,
			);
			name = Main;
			path = Mp4/Main;
			sourceTree = "<group>";
		};
		2D9C4C0D1E8970F400BA1AA8 = {
			isa = PBXGroup;
			children = (
				2D9C4C181E8970F400BA1AA8 /* YacheerAVPlayer */,
				2D9C4C171E8970F400BA1AA8 /* Products */,
			);
			sourceTree = "<group>";
		};
		2D9C4C171E8970F400BA1AA8 /* Products */ = {
			isa = PBXGroup;
			children = (
				2D9C4C161E8970F400BA1AA8 /* YacheerAVPlayer.app */,
			);
			name = Products;
			sourceTree = "<group>";
		};
		2D9C4C181E8970F400BA1AA8 /* YacheerAVPlayer */ = {
			isa = PBXGroup;
			children = (
				2D9C4C301E89714900BA1AA8 /* AppEntry */,
				2D0968781E8A0FC000EC315D /* Main */,
				2D9C4C3A1E89714900BA1AA8 /* Mp3 */,
				2D9C4C3B1E89714900BA1AA8 /* Mp4 */,
				2D9C4C411E8972E900BA1AA8 /* Tools */,
				2D9C4C191E8970F400BA1AA8 /* Supporting Files */,
			);
			path = YacheerAVPlayer;
			sourceTree = "<group>";
		};
		2D9C4C191E8970F400BA1AA8 /* Supporting Files */ = {
			isa = PBXGroup;
			children = (
				2D9C4C2A1E8970F400BA1AA8 /* Info.plist */,
				2D9C4C1A1E8970F400BA1AA8 /* main.m */,
			);
			name = "Supporting Files";
			sourceTree = "<group>";
		};
		2D9C4C301E89714900BA1AA8 /* AppEntry */ = {
			isa = PBXGroup;
			children = (
				2D9C4C311E89714900BA1AA8 /* AppDelegate.h */,
				2D9C4C321E89714900BA1AA8 /* AppDelegate.m */,
				2D9C4C331E89714900BA1AA8 /* Assets.xcassets */,
				2D9C4C341E89714900BA1AA8 /* LaunchScreen.storyboard */,
				2D9C4C361E89714900BA1AA8 /* Main.storyboard */,
				2D9C4C381E89714900BA1AA8 /* ViewController.h */,
				2D9C4C391E89714900BA1AA8 /* ViewController.m */,
			);
			path = AppEntry;
			sourceTree = "<group>";
		};
		2D9C4C3A1E89714900BA1AA8 /* Mp3 */ = {
			isa = PBXGroup;
			children = (
				2D9C4C441E89732C00BA1AA8 /* Controller */,
				2D9C4C451E89732C00BA1AA8 /* Model */,
				2D9C4C461E89732C00BA1AA8 /* View */,
			);
			path = Mp3;
			sourceTree = "<group>";
		};
		2D9C4C3B1E89714900BA1AA8 /* Mp4 */ = {
			isa = PBXGroup;
			children = (
				2D9C4C471E89733C00BA1AA8 /* Controller */,
				2D9C4C481E89733C00BA1AA8 /* Model */,
				2D9C4C491E89733C00BA1AA8 /* View */,
			);
			path = Mp4;
			sourceTree = "<group>";
		};
		2D9C4C411E8972E900BA1AA8 /* Tools */ = {
			isa = PBXGroup;
			children = (
				2D9C4C421E8972E900BA1AA8 /* Categore */,
				2D9C4C431E8972E900BA1AA8 /* Configure */,
			);
			path = Tools;
			sourceTree = "<group>";
		};
		2D9C4C421E8972E900BA1AA8 /* Categore */ = {
			isa = PBXGroup;
			children = (
				2D0968721E8A0D3B00EC315D /* UIViewController+SetNavigationBar.h */,
				2D0968731E8A0D3B00EC315D /* UIViewController+SetNavigationBar.m */,
				2D0968751E8A0D6000EC315D /* UIBarButtonItem+BarButtonCustom.h */,
				2D0968761E8A0D6000EC315D /* UIBarButtonItem+BarButtonCustom.m */,
			);
			path = Categore;
			sourceTree = "<group>";
		};
		2D9C4C431E8972E900BA1AA8 /* Configure */ = {
			isa = PBXGroup;
			children = (
				2D9C4C541E8975C700BA1AA8 /* Config.h */,
				2D9C4CEC1E89762A00BA1AA8 /* PrefixHeader.pch */,
			);
			path = Configure;
			sourceTree = "<group>";
		};
		2D9C4C441E89732C00BA1AA8 /* Controller */ = {
			isa = PBXGroup;
			children = (
				2D09686C1E8A0A9E00EC315D /* YacheerMp3PlayerVc.h */,
				2D09686D1E8A0A9E00EC315D /* YacheerMp3PlayerVc.m */,
			);
			path = Controller;
			sourceTree = "<group>";
		};
		2D9C4C451E89732C00BA1AA8 /* Model */ = {
			isa = PBXGroup;
			children = (
			);
			path = Model;
			sourceTree = "<group>";
		};
		2D9C4C461E89732C00BA1AA8 /* View */ = {
			isa = PBXGroup;
			children = (
				2D9C4C4F1E89753E00BA1AA8 /* YacheerMp3Player.h */,
				2D9C4C501E89753E00BA1AA8 /* YacheerMp3Player.m */,
				2D9C4C521E89759500BA1AA8 /* YacheerMp3Player.xib */,
			);
			path = View;
			sourceTree = "<group>";
		};
		2D9C4C471E89733C00BA1AA8 /* Controller */ = {
			isa = PBXGroup;
			children = (
				2D09686F1E8A0AB400EC315D /* YacheerPlayerVc.h */,
				2D0968701E8A0AB400EC315D /* YacheerPlayerVc.m */,
			);
			path = Controller;
			sourceTree = "<group>";
		};
		2D9C4C481E89733C00BA1AA8 /* Model */ = {
			isa = PBXGroup;
			children = (
			);
			path = Model;
			sourceTree = "<group>";
		};
		2D9C4C491E89733C00BA1AA8 /* View */ = {
			isa = PBXGroup;
			children = (
				2D9C4C4A1E8974A400BA1AA8 /* YacheerPlayer.h */,
				2D9C4C4B1E8974A400BA1AA8 /* YacheerPlayer.m */,
				2D9C4C4D1E8974B900BA1AA8 /* YacheerPlayer.xib */,
			);
			path = View;
			sourceTree = "<group>";
		};
/* End PBXGroup section */

/* Begin PBXNativeTarget section */
		2D9C4C151E8970F400BA1AA8 /* YacheerAVPlayer */ = {
			isa = PBXNativeTarget;
			buildConfigurationList = 2D9C4C2D1E8970F400BA1AA8 /* Build configuration list for PBXNativeTarget "YacheerAVPlayer" */;
			buildPhases = (
				2D9C4C121E8970F400BA1AA8 /* Sources */,
				2D9C4C131E8970F400BA1AA8 /* Frameworks */,
				2D9C4C141E8970F400BA1AA8 /* Resources */,
			);
			buildRules = (
			);
			dependencies = (
			);
			name = YacheerAVPlayer;
			productName = YacheerAVPlayer;
			productReference = 2D9C4C161E8970F400BA1AA8 /* YacheerAVPlayer.app */;
			productType = "com.apple.product-type.application";
		};
/* End PBXNativeTarget section */

/* Begin PBXProject section */
		2D9C4C0E1E8970F400BA1AA8 /* Project object */ = {
			isa = PBXProject;
			attributes = {
				LastUpgradeCheck = 0820;
				ORGANIZATIONNAME = chit;
				TargetAttributes = {
					2D9C4C151E8970F400BA1AA8 = {
						CreatedOnToolsVersion = 8.2.1;
						DevelopmentTeam = JCQL5V7V87;
						ProvisioningStyle = Automatic;
						SystemCapabilities = {
							com.apple.BackgroundModes = {
								enabled = 1;
							};
						};
					};
				};
			};
			buildConfigurationList = 2D9C4C111E8970F400BA1AA8 /* Build configuration list for PBXProject "YacheerAVPlayer" */;
			compatibilityVersion = "Xcode 3.2";
			developmentRegion = English;
			hasScannedForEncodings = 0;
			knownRegions = (
				en,
				Base,
			);
			mainGroup = 2D9C4C0D1E8970F400BA1AA8;
			productRefGroup = 2D9C4C171E8970F400BA1AA8 /* Products */;
			projectDirPath = "";
			projectRoot = "";
			targets = (
				2D9C4C151E8970F400BA1AA8 /* YacheerAVPlayer */,
			);
		};
/* End PBXProject section */

/* Begin PBXResourcesBuildPhase section */
		2D9C4C141E8970F400BA1AA8 /* Resources */ = {
			isa = PBXResourcesBuildPhase;
			buildActionMask = 2147483647;
			files = (
				2D9C4C531E89759500BA1AA8 /* YacheerMp3Player.xib in Resources */,
				2D9C4C4E1E8974B900BA1AA8 /* YacheerPlayer.xib in Resources */,
				2D9C4C3D1E89714900BA1AA8 /* Assets.xcassets in Resources */,
				2D9C4C3F1E89714900BA1AA8 /* Main.storyboard in Resources */,
				2D9C4C3E1E89714900BA1AA8 /* LaunchScreen.storyboard in Resources */,
			);
			runOnlyForDeploymentPostprocessing = 0;
		};
/* End PBXResourcesBuildPhase section */

/* Begin PBXSourcesBuildPhase section */
		2D9C4C121E8970F400BA1AA8 /* Sources */ = {
			isa = PBXSourcesBuildPhase;
			buildActionMask = 2147483647;
			files = (
				2D9C4C4C1E8974A400BA1AA8 /* YacheerPlayer.m in Sources */,
				2D9C4C3C1E89714900BA1AA8 /* AppDelegate.m in Sources */,
				2D9C4C1B1E8970F400BA1AA8 /* main.m in Sources */,
				2D0968711E8A0AB400EC315D /* YacheerPlayerVc.m in Sources */,
				2D9C4C401E89714900BA1AA8 /* ViewController.m in Sources */,
				2D0968771E8A0D6000EC315D /* UIBarButtonItem+BarButtonCustom.m in Sources */,
				2D09686E1E8A0A9E00EC315D /* YacheerMp3PlayerVc.m in Sources */,
				2D9C4C511E89753E00BA1AA8 /* YacheerMp3Player.m in Sources */,
				2D0968741E8A0D3B00EC315D /* UIViewController+SetNavigationBar.m in Sources */,
				2D09687B1E8A0FE700EC315D /* CustomNavigationVc.m in Sources */,
			);
			runOnlyForDeploymentPostprocessing = 0;
		};
/* End PBXSourcesBuildPhase section */

/* Begin PBXVariantGroup section */
		2D9C4C341E89714900BA1AA8 /* LaunchScreen.storyboard */ = {
			isa = PBXVariantGroup;
			children = (
				2D9C4C351E89714900BA1AA8 /* Base */,
			);
			name = LaunchScreen.storyboard;
			sourceTree = "<group>";
		};
		2D9C4C361E89714900BA1AA8 /* Main.storyboard */ = {
			isa = PBXVariantGroup;
			children = (
				2D9C4C371E89714900BA1AA8 /* Base */,
			);
			name = Main.storyboard;
			sourceTree = "<group>";
		};
/* End PBXVariantGroup section */

/* Begin XCBuildConfiguration section */
		2D9C4C2B1E8970F400BA1AA8 /* Debug */ = {
			isa = XCBuildConfiguration;
			buildSettings = {
				ALWAYS_SEARCH_USER_PATHS = NO;
				CLANG_ANALYZER_NONNULL = YES;
				CLANG_CXX_LANGUAGE_STANDARD = "gnu++0x";
				CLANG_CXX_LIBRARY = "libc++";
				CLANG_ENABLE_MODULES = YES;
				CLANG_ENABLE_OBJC_ARC = YES;
				CLANG_WARN_BOOL_CONVERSION = YES;
				CLANG_WARN_CONSTANT_CONVERSION = YES;
				CLANG_WARN_DIRECT_OBJC_ISA_USAGE = YES_ERROR;
				CLANG_WARN_DOCUMENTATION_COMMENTS = YES;
				CLANG_WARN_EMPTY_BODY = YES;
				CLANG_WARN_ENUM_CONVERSION = YES;
				CLANG_WARN_INFINITE_RECURSION = YES;
				CLANG_WARN_INT_CONVERSION = YES;
				CLANG_WARN_OBJC_ROOT_CLASS = YES_ERROR;
				CLANG_WARN_SUSPICIOUS_MOVE = YES;
				CLANG_WARN_UNREACHABLE_CODE = YES;
				CLANG_WARN__DUPLICATE_METHOD_MATCH = YES;
				"CODE_SIGN_IDENTITY[sdk=iphoneos*]" = "iPhone Developer";
				COPY_PHASE_STRIP = NO;
				DEBUG_INFORMATION_FORMAT = dwarf;
				ENABLE_STRICT_OBJC_MSGSEND = YES;
				ENABLE_TESTABILITY = YES;
				GCC_C_LANGUAGE_STANDARD = gnu99;
				GCC_DYNAMIC_NO_PIC = NO;
				GCC_NO_COMMON_BLOCKS = YES;
				GCC_OPTIMIZATION_LEVEL = 0;
				GCC_PREPROCESSOR_DEFINITIONS = (
					"DEBUG=1",
					"$(inherited)",
				);
				GCC_WARN_64_TO_32_BIT_CONVERSION = YES;
				GCC_WARN_ABOUT_RETURN_TYPE = YES_ERROR;
				GCC_WARN_UNDECLARED_SELECTOR = YES;
				GCC_WARN_UNINITIALIZED_AUTOS = YES_AGGRESSIVE;
				GCC_WARN_UNUSED_FUNCTION = YES;
				GCC_WARN_UNUSED_VARIABLE = YES;
				IPHONEOS_DEPLOYMENT_TARGET = 10.2;
				MTL_ENABLE_DEBUG_INFO = YES;
				ONLY_ACTIVE_ARCH = YES;
				SDKROOT = iphoneos;
			};
			name = Debug;
		};
		2D9C4C2C1E8970F400BA1AA8 /* Release */ = {
			isa = XCBuildConfiguration;
			buildSettings = {
				ALWAYS_SEARCH_USER_PATHS = NO;
				CLANG_ANALYZER_NONNULL = YES;
				CLANG_CXX_LANGUAGE_STANDARD = "gnu++0x";
				CLANG_CXX_LIBRARY = "libc++";
				CLANG_ENABLE_MODULES = YES;
				CLANG_ENABLE_OBJC_ARC = YES;
				CLANG_WARN_BOOL_CONVERSION = YES;
				CLANG_WARN_CONSTANT_CONVERSION = YES;
				CLANG_WARN_DIRECT_OBJC_ISA_USAGE = YES_ERROR;
				CLANG_WARN_DOCUMENTATION_COMMENTS = YES;
				CLANG_WARN_EMPTY_BODY = YES;
				CLANG_WARN_ENUM_CONVERSION = YES;
				CLANG_WARN_INFINITE_RECURSION = YES;
				CLANG_WARN_INT_CONVERSION = YES;
				CLANG_WARN_OBJC_ROOT_CLASS = YES_ERROR;
				CLANG_WARN_SUSPICIOUS_MOVE = YES;
				CLANG_WARN_UNREACHABLE_CODE = YES;
				CLANG_WARN__DUPLICATE_METHOD_MATCH = YES;
				"CODE_SIGN_IDENTITY[sdk=iphoneos*]" = "iPhone Developer";
				COPY_PHASE_STRIP = NO;
				DEBUG_INFORMATION_FORMAT = "dwarf-with-dsym";
				ENABLE_NS_ASSERTIONS = NO;
				ENABLE_STRICT_OBJC_MSGSEND = YES;
				GCC_C_LANGUAGE_STANDARD = gnu99;
				GCC_NO_COMMON_BLOCKS = YES;
				GCC_WARN_64_TO_32_BIT_CONVERSION = YES;
				GCC_WARN_ABOUT_RETURN_TYPE = YES_ERROR;
				GCC_WARN_UNDECLARED_SELECTOR = YES;
				GCC_WARN_UNINITIALIZED_AUTOS = YES_AGGRESSIVE;
				GCC_WARN_UNUSED_FUNCTION = YES;
				GCC_WARN_UNUSED_VARIABLE = YES;
				IPHONEOS_DEPLOYMENT_TARGET = 10.2;
				MTL_ENABLE_DEBUG_INFO = NO;
				SDKROOT = iphoneos;
				VALIDATE_PRODUCT = YES;
			};
			name = Release;
		};
		2D9C4C2E1E8970F400BA1AA8 /* Debug */ = {
			isa = XCBuildConfiguration;
			buildSettings = {
				ASSETCATALOG_COMPILER_APPICON_NAME = AppIcon;
				DEVELOPMENT_TEAM = JCQL5V7V87;
				GCC_PREFIX_HEADER = "$(SRCROOT)/YacheerAVPlayer/Tools/Configure/PrefixHeader.pch";
				INFOPLIST_FILE = YacheerAVPlayer/Info.plist;
				IPHONEOS_DEPLOYMENT_TARGET = 8.0;
				LD_RUNPATH_SEARCH_PATHS = "$(inherited) @executable_path/Frameworks";
				PRODUCT_BUNDLE_IDENTIFIER = com.yacheer.YacheerAVPlayer;
				PRODUCT_NAME = "$(TARGET_NAME)";
			};
			name = Debug;
		};
		2D9C4C2F1E8970F400BA1AA8 /* Release */ = {
			isa = XCBuildConfiguration;
			buildSettings = {
				ASSETCATALOG_COMPILER_APPICON_NAME = AppIcon;
				DEVELOPMENT_TEAM = JCQL5V7V87;
				GCC_PREFIX_HEADER = "$(SRCROOT)/YacheerAVPlayer/Tools/Configure/PrefixHeader.pch";
				INFOPLIST_FILE = YacheerAVPlayer/Info.plist;
				IPHONEOS_DEPLOYMENT_TARGET = 8.0;
				LD_RUNPATH_SEARCH_PATHS = "$(inherited) @executable_path/Frameworks";
				PRODUCT_BUNDLE_IDENTIFIER = com.yacheer.YacheerAVPlayer;
				PRODUCT_NAME = "$(TARGET_NAME)";
			};
			name = Release;
		};
/* End XCBuildConfiguration section */

/* Begin XCConfigurationList section */
		2D9C4C111E8970F400BA1AA8 /* Build configuration list for PBXProject "YacheerAVPlayer" */ = {
			isa = XCConfigurationList;
			buildConfigurations = (
				2D9C4C2B1E8970F400BA1AA8 /* Debug */,
				2D9C4C2C1E8970F400BA1AA8 /* Release */,
			);
			defaultConfigurationIsVisible = 0;
			defaultConfigurationName = Release;
		};
		2D9C4C2D1E8970F400BA1AA8 /* Build configuration list for PBXNativeTarget "YacheerAVPlayer" */ = {
			isa = XCConfigurationList;
			buildConfigurations = (
				2D9C4C2E1E8970F400BA1AA8 /* Debug */,
				2D9C4C2F1E8970F400BA1AA8 /* Release */,
			);
			defaultConfigurationIsVisible = 0;
			defaultConfigurationName = Release;
		};
/* End XCConfigurationList section */
	};
	rootObject = 2D9C4C0E1E8970F400BA1AA8 /* Project object */;
}
